
Microsoft Visual Studio Solution File, Format Version 12.00
# Visual Studio Version 16
VisualStudioVersion = 16.0.32630.194
MinimumVisualStudioVersion = 10.0.40219.1
Project("{FAE04EC0-301F-11D3-BF4B-00C04F79EFBC}") = "demo", "demo\demo.csproj", "{9A74D0B6-1015-4246-9A75-9603D365D327}"
EndProject
Global
	GlobalSection(SolutionConfigurationPlatforms) = preSolution
		Debug|Any CPU = Debug|Any CPU
		Release|Any CPU = Release|Any CPU
	EndGlobalSection
	GlobalSection(ProjectConfigurationPlatforms) = postSolution
		{9A74D0B6-1015-4246-9A75-9603D365D327}.Debug|Any CPU.ActiveCfg = Debug|Any CPU
		{9A74D0B6-1015-4246-9A75-9603D365D327}.Debug|Any CPU.Build.0 = Debug|Any CPU
		{9A74D0B6-1015-4246-9A75-9603D365D327}.Release|Any CPU.ActiveCfg = Release|Any CPU
		{9A74D0B6-1015-4246-9A75-9603D365D327}.Release|Any CPU.Build.0 = Release|Any CPU
	EndGlobalSection
	GlobalSection(SolutionProperties) = preSolution
		HideSolutionNode = FALSE
	EndGlobalSection
	GlobalSection(ExtensibilityGlobals) = postSolution
		SolutionGuid = {C30602CA-5C42-406E-85AE-4EDC383FD552}
	EndGlobalSection
EndGlobal
